
Microsoft Visual Studio Solution File, Format Version 12.00
# Visual Studio Version 17
VisualStudioVersion = 17.10.35027.167
MinimumVisualStudioVersion = 10.0.40219.1
Project("{FAE04EC0-301F-11D3-BF4B-00C04F79EFBC}") = "ödev3", "ödev3\ödev3.csproj", "{763A6A1C-BB84-444C-927D-9622BAA561A4}"
EndProject
Global
	GlobalSection(SolutionConfigurationPlatforms) = preSolution
		Debug|Any CPU = Debug|Any CPU
		Release|Any CPU = Release|Any CPU
	EndGlobalSection
	GlobalSection(ProjectConfigurationPlatforms) = postSolution
		{763A6A1C-BB84-444C-927D-9622BAA561A4}.Debug|Any CPU.ActiveCfg = Debug|Any CPU
		{763A6A1C-BB84-444C-927D-9622BAA561A4}.Debug|Any CPU.Build.0 = Debug|Any CPU
		{763A6A1C-BB84-444C-927D-9622BAA561A4}.Release|Any CPU.ActiveCfg = Release|Any CPU
		{763A6A1C-BB84-444C-927D-9622BAA561A4}.Release|Any CPU.Build.0 = Release|Any CPU
	EndGlobalSection
	GlobalSection(SolutionProperties) = preSolution
		HideSolutionNode = FALSE
	EndGlobalSection
	GlobalSection(ExtensibilityGlobals) = postSolution
		SolutionGuid = {69EBE0C2-E314-4D4F-B021-D426BD7DF4B6}
	EndGlobalSection
EndGlobal
