
Microsoft Visual Studio Solution File, Format Version 12.00
# Visual Studio Version 17
VisualStudioVersion = 17.10.35027.167
MinimumVisualStudioVersion = 10.0.40219.1
Project("{FAE04EC0-301F-11D3-BF4B-00C04F79EFBC}") = "ödev3.3", "ödev3.3\ödev3.3.csproj", "{697FEDBA-FB4A-4401-9494-A783F171E0C7}"
EndProject
Global
	GlobalSection(SolutionConfigurationPlatforms) = preSolution
		Debug|Any CPU = Debug|Any CPU
		Release|Any CPU = Release|Any CPU
	EndGlobalSection
	GlobalSection(ProjectConfigurationPlatforms) = postSolution
		{697FEDBA-FB4A-4401-9494-A783F171E0C7}.Debug|Any CPU.ActiveCfg = Debug|Any CPU
		{697FEDBA-FB4A-4401-9494-A783F171E0C7}.Debug|Any CPU.Build.0 = Debug|Any CPU
		{697FEDBA-FB4A-4401-9494-A783F171E0C7}.Release|Any CPU.ActiveCfg = Release|Any CPU
		{697FEDBA-FB4A-4401-9494-A783F171E0C7}.Release|Any CPU.Build.0 = Release|Any CPU
	EndGlobalSection
	GlobalSection(SolutionProperties) = preSolution
		HideSolutionNode = FALSE
	EndGlobalSection
	GlobalSection(ExtensibilityGlobals) = postSolution
		SolutionGuid = {77C86A3F-D4C5-4A8E-9B93-1C842828B386}
	EndGlobalSection
EndGlobal
